
Microsoft Visual Studio Solution File, Format Version 12.00
# Visual Studio Version 16
VisualStudioVersion = 16.0.32126.315
MinimumVisualStudioVersion = 10.0.40219.1
Project("{8BC9CEB8-8B4A-11D0-8D11-00A0C91BC942}") = "FirstOpenGLProgram", "FirstOpenGLProgram\FirstOpenGLProgram.vcxproj", "{A9AC6653-5779-47A5-87E7-598D8579E8ED}"
EndProject
Project("{8BC9CEB8-8B4A-11D0-8D11-00A0C91BC942}") = "Exercise1", "Exercise1\Exercise1.vcxproj", "{557E64E9-C626-445A-B738-F661B24826C7}"
EndProject
Project("{8BC9CEB8-8B4A-11D0-8D11-00A0C91BC942}") = "Exercise2", "Exercise2\Exercise2.vcxproj", "{C5E8A184-BD56-4494-A523-9D30B9358ED8}"
EndProject
Project("{8BC9CEB8-8B4A-11D0-8D11-00A0C91BC942}") = "Exercise3", "Exercise3\Exercise3.vcxproj", "{E0C53996-556F-472D-98EB-FEC75A7741C9}"
EndProject
Global
	GlobalSection(SolutionConfigurationPlatforms) = preSolution
		Debug|x64 = Debug|x64
		Debug|x86 = Debug|x86
		Release|x64 = Release|x64
		Release|x86 = Release|x86
	EndGlobalSection
	GlobalSection(ProjectConfigurationPlatforms) = postSolution
		{A9AC6653-5779-47A5-87E7-598D8579E8ED}.Debug|x64.ActiveCfg = Debug|x64
		{A9AC6653-5779-47A5-87E7-598D8579E8ED}.Debug|x64.Build.0 = Debug|x64
		{A9AC6653-5779-47A5-87E7-598D8579E8ED}.Debug|x86.ActiveCfg = Debug|Win32
		{A9AC6653-5779-47A5-87E7-598D8579E8ED}.Debug|x86.Build.0 = Debug|Win32
		{A9AC6653-5779-47A5-87E7-598D8579E8ED}.Release|x64.ActiveCfg = Release|x64
		{A9AC6653-5779-47A5-87E7-598D8579E8ED}.Release|x64.Build.0 = Release|x64
		{A9AC6653-5779-47A5-87E7-598D8579E8ED}.Release|x86.ActiveCfg = Release|Win32
		{A9AC6653-5779-47A5-87E7-598D8579E8ED}.Release|x86.Build.0 = Release|Win32
		{557E64E9-C626-445A-B738-F661B24826C7}.Debug|x64.ActiveCfg = Debug|x64
		{557E64E9-C626-445A-B738-F661B24826C7}.Debug|x64.Build.0 = Debug|x64
		{557E64E9-C626-445A-B738-F661B24826C7}.Debug|x86.ActiveCfg = Debug|Win32
		{557E64E9-C626-445A-B738-F661B24826C7}.Debug|x86.Build.0 = Debug|Win32
		{557E64E9-C626-445A-B738-F661B24826C7}.Release|x64.ActiveCfg = Release|x64
		{557E64E9-C626-445A-B738-F661B24826C7}.Release|x64.Build.0 = Release|x64
		{557E64E9-C626-445A-B738-F661B24826C7}.Release|x86.ActiveCfg = Release|Win32
		{557E64E9-C626-445A-B738-F661B24826C7}.Release|x86.Build.0 = Release|Win32
		{C5E8A184-BD56-4494-A523-9D30B9358ED8}.Debug|x64.ActiveCfg = Debug|x64
		{C5E8A184-BD56-4494-A523-9D30B9358ED8}.Debug|x64.Build.0 = Debug|x64
		{C5E8A184-BD56-4494-A523-9D30B9358ED8}.Debug|x86.ActiveCfg = Debug|Win32
		{C5E8A184-BD56-4494-A523-9D30B9358ED8}.Debug|x86.Build.0 = Debug|Win32
		{C5E8A184-BD56-4494-A523-9D30B9358ED8}.Release|x64.ActiveCfg = Release|x64
		{C5E8A184-BD56-4494-A523-9D30B9358ED8}.Release|x64.Build.0 = Release|x64
		{C5E8A184-BD56-4494-A523-9D30B9358ED8}.Release|x86.ActiveCfg = Release|Win32
		{C5E8A184-BD56-4494-A523-9D30B9358ED8}.Release|x86.Build.0 = Release|Win32
		{E0C53996-556F-472D-98EB-FEC75A7741C9}.Debug|x64.ActiveCfg = Debug|x64
		{E0C53996-556F-472D-98EB-FEC75A7741C9}.Debug|x64.Build.0 = Debug|x64
		{E0C53996-556F-472D-98EB-FEC75A7741C9}.Debug|x86.ActiveCfg = Debug|Win32
		{E0C53996-556F-472D-98EB-FEC75A7741C9}.Debug|x86.Build.0 = Debug|Win32
		{E0C53996-556F-472D-98EB-FEC75A7741C9}.Release|x64.ActiveCfg = Release|x64
		{E0C53996-556F-472D-98EB-FEC75A7741C9}.Release|x64.Build.0 = Release|x64
		{E0C53996-556F-472D-98EB-FEC75A7741C9}.Release|x86.ActiveCfg = Release|Win32
		{E0C53996-556F-472D-98EB-FEC75A7741C9}.Release|x86.Build.0 = Release|Win32
	EndGlobalSection
	GlobalSection(SolutionProperties) = preSolution
		HideSolutionNode = FALSE
	EndGlobalSection
	GlobalSection(ExtensibilityGlobals) = postSolution
		SolutionGuid = {8BF16250-DD23-4337-BE39-B329B342B526}
	EndGlobalSection
EndGlobal
